// !$*UTF8*$!
{
	archiveVersion = 1;
	classes = {
	};
	objectVersion = 46;
	objects = {

/* Begin PBXBuildFile section */
		5E2D70431CBDC08B006387BA /* AppDelegate.swift in Sources */ = {isa = PBXBuildFile; fileRef = 5E2D70421CBDC08B006387BA /* AppDelegate.swift */; };
		5E2D70451CBDC08B006387BA /* ViewController.swift in Sources */ = {isa = PBXBuildFile; fileRef = 5E2D70441CBDC08B006387BA /* ViewController.swift */; };
		5E2D70471CBDC08B006387BA /* Assets.xcassets in Resources */ = {isa = PBXBuildFile; fileRef = 5E2D70461CBDC08B006387BA /* Assets.xcassets */; };
		5E2D704A1CBDC08B006387BA /* Main.storyboard in Resources */ = {isa = PBXBuildFile; fileRef = 5E2D70481CBDC08B006387BA /* Main.storyboard */; };
		5E2D70521CBDC8F8006387BA /* Node.swift in Sources */ = {isa = PBXBuildFile; fileRef = 5E2D70511CBDC8F8006387BA /* Node.swift */; };
		5E4A8C3A1CC3187F00190027 /* NodeView.swift in Sources */ = {isa = PBXBuildFile; fileRef = 5E4A8C391CC3187F00190027 /* NodeView.swift */; };
/* End PBXBuildFile section */

/* Begin PBXFileReference section */
		5E2D703F1CBDC08B006387BA /* Life.app */ = {isa = PBXFileReference; explicitFileType = wrapper.application; includeInIndex = 0; path = Life.app; sourceTree = BUILT_PRODUCTS_DIR; };
		5E2D70421CBDC08B006387BA /* AppDelegate.swift */ = {isa = PBXFileReference; lastKnownFileType = sourcecode.swift; path = AppDelegate.swift; sourceTree = "<group>"; };
		5E2D70441CBDC08B006387BA /* ViewController.swift */ = {isa = PBXFileReference; lastKnownFileType = sourcecode.swift; path = ViewController.swift; sourceTree = "<group>"; };
		5E2D70461CBDC08B006387BA /* Assets.xcassets */ = {isa = PBXFileReference; lastKnownFileType = folder.assetcatalog; path = Assets.xcassets; sourceTree = "<group>"; };
		5E2D70491CBDC08B006387BA /* Base */ = {isa = PBXFileReference; lastKnownFileType = file.storyboard; name = Base; path = Base.lproj/Main.storyboard; sourceTree = "<group>"; };
		5E2D704B1CBDC08B006387BA /* Info.plist */ = {isa = PBXFileReference; lastKnownFileType = text.plist.xml; path = Info.plist; sourceTree = "<group>"; };
		5E2D70511CBDC8F8006387BA /* Node.swift */ = {isa = PBXFileReference; fileEncoding = 4; lastKnownFileType = sourcecode.swift; name = Node.swift; path = ../Node.swift; sourceTree = "<group>"; };
		5E4A8C391CC3187F00190027 /* NodeView.swift */ = {isa = PBXFileReference; fileEncoding = 4; lastKnownFileType = sourcecode.swift; path = NodeView.swift; sourceTree = "<group>"; };
/* End PBXFileReference section */

/* Begin PBXFrameworksBuildPhase section */
		5E2D703C1CBDC08B006387BA /* Frameworks */ = {
			isa = PBXFrameworksBuildPhase;
			buildActionMask = 2147483647;
			files = (
			);
			runOnlyForDeploymentPostprocessing = 0;
		};
/* End PBXFrameworksBuildPhase section */

/* Begin PBXGroup section */
		5E2D70361CBDC08B006387BA = {
			isa = PBXGroup;
			children = (
				5E2D70411CBDC08B006387BA /* Life */,
				5E2D70401CBDC08B006387BA /* Products */,
			);
			sourceTree = "<group>";
		};
		5E2D70401CBDC08B006387BA /* Products */ = {
			isa = PBXGroup;
			children = (
				5E2D703F1CBDC08B006387BA /* Life.app */,
			);
			name = Products;
			sourceTree = "<group>";
		};
		5E2D70411CBDC08B006387BA /* Life */ = {
			isa = PBXGroup;
			children = (
				5E2D70511CBDC8F8006387BA /* Node.swift */,
				5E2D70421CBDC08B006387BA /* AppDelegate.swift */,
				5E2D70441CBDC08B006387BA /* ViewController.swift */,
				5E2D70461CBDC08B006387BA /* Assets.xcassets */,
				5E2D70481CBDC08B006387BA /* Main.storyboard */,
				5E2D704B1CBDC08B006387BA /* Info.plist */,
				5E4A8C391CC3187F00190027 /* NodeView.swift */,
			);
			path = Life;
			sourceTree = "<group>";
		};
/* End PBXGroup section */

/* Begin PBXNativeTarget section */
		5E2D703E1CBDC08B006387BA /* Life */ = {
			isa = PBXNativeTarget;
			buildConfigurationList = 5E2D704E1CBDC08B006387BA /* Build configuration list for PBXNativeTarget "Life" */;
			buildPhases = (
				5E2D703B1CBDC08B006387BA /* Sources */,
				5E2D703C1CBDC08B006387BA /* Frameworks */,
				5E2D703D1CBDC08B006387BA /* Resources */,
			);
			buildRules = (
			);
			dependencies = (
			);
			name = Life;
			productName = Life;
			productReference = 5E2D703F1CBDC08B006387BA /* Life.app */;
			productType = "com.apple.product-type.application";
		};
/* End PBXNativeTarget section */

/* Begin PBXProject section */
		5E2D70371CBDC08B006387BA /* Project object */ = {
			isa = PBXProject;
			attributes = {
				LastSwiftUpdateCheck = 0730;
				LastUpgradeCheck = 0730;
				ORGANIZATIONNAME = "Joe Wilcoxson";
				TargetAttributes = {
					5E2D703E1CBDC08B006387BA = {
						CreatedOnToolsVersion = 7.3;
					};
				};
			};
			buildConfigurationList = 5E2D703A1CBDC08B006387BA /* Build configuration list for PBXProject "Life" */;
			compatibilityVersion = "Xcode 3.2";
			developmentRegion = English;
			hasScannedForEncodings = 0;
			knownRegions = (
				en,
				Base,
			);
			mainGroup = 5E2D70361CBDC08B006387BA;
			productRefGroup = 5E2D70401CBDC08B006387BA /* Products */;
			projectDirPath = "";
			projectRoot = "";
			targets = (
				5E2D703E1CBDC08B006387BA /* Life */,
			);
		};
/* End PBXProject section */

/* Begin PBXResourcesBuildPhase section */
		5E2D703D1CBDC08B006387BA /* Resources */ = {
			isa = PBXResourcesBuildPhase;
			buildActionMask = 2147483647;
			files = (
				5E2D70471CBDC08B006387BA /* Assets.xcassets in Resources */,
				5E2D704A1CBDC08B006387BA /* Main.storyboard in Resources */,
			);
			runOnlyForDeploymentPostprocessing = 0;
		};
/* End PBXResourcesBuildPhase section */

/* Begin PBXSourcesBuildPhase section */
		5E2D703B1CBDC08B006387BA /* Sources */ = {
			isa = PBXSourcesBuildPhase;
			buildActionMask = 2147483647;
			files = (
				5E2D70521CBDC8F8006387BA /* Node.swift in Sources */,
				5E2D70451CBDC08B006387BA /* ViewController.swift in Sources */,
				5E4A8C3A1CC3187F00190027 /* NodeView.swift in Sources */,
				5E2D70431CBDC08B006387BA /* AppDelegate.swift in Sources */,
			);
			runOnlyForDeploymentPostprocessing = 0;
		};
/* End PBXSourcesBuildPhase section */

/* Begin PBXVariantGroup section */
		5E2D70481CBDC08B006387BA /* Main.storyboard */ = {
			isa = PBXVariantGroup;
			children = (
				5E2D70491CBDC08B006387BA /* Base */,
			);
			name = Main.storyboard;
			sourceTree = "<group>";
		};
/* End PBXVariantGroup section */

/* Begin XCBuildConfiguration section */
		5E2D704C1CBDC08B006387BA /* Debug */ = {
			isa = XCBuildConfiguration;
			buildSettings = {
				ALWAYS_SEARCH_USER_PATHS = NO;
				CLANG_ANALYZER_NONNULL = YES;
				CLANG_CXX_LANGUAGE_STANDARD = "gnu++0x";
				CLANG_CXX_LIBRARY = "libc++";
				CLANG_ENABLE_MODULES = YES;
				CLANG_ENABLE_OBJC_ARC = YES;
				CLANG_WARN_BOOL_CONVERSION = YES;
				CLANG_WARN_CONSTANT_CONVERSION = YES;
				CLANG_WARN_DIRECT_OBJC_ISA_USAGE = YES_ERROR;
				CLANG_WARN_EMPTY_BODY = YES;
				CLANG_WARN_ENUM_CONVERSION = YES;
				CLANG_WARN_INT_CONVERSION = YES;
				CLANG_WARN_OBJC_ROOT_CLASS = YES_ERROR;
				CLANG_WARN_UNREACHABLE_CODE = YES;
				CLANG_WARN__DUPLICATE_METHOD_MATCH = YES;
				CODE_SIGN_IDENTITY = "-";
				COPY_PHASE_STRIP = NO;
				DEBUG_INFORMATION_FORMAT = dwarf;
				ENABLE_STRICT_OBJC_MSGSEND = YES;
				ENABLE_TESTABILITY = YES;
				GCC_C_LANGUAGE_STANDARD = gnu99;
				GCC_DYNAMIC_NO_PIC = NO;
				GCC_NO_COMMON_BLOCKS = YES;
				GCC_OPTIMIZATION_LEVEL = 0;
				GCC_PREPROCESSOR_DEFINITIONS = (
					"DEBUG=1",
					"$(inherited)",
				);
				GCC_WARN_64_TO_32_BIT_CONVERSION = YES;
				GCC_WARN_ABOUT_RETURN_TYPE = YES_ERROR;
				GCC_WARN_UNDECLARED_SELECTOR = YES;
				GCC_WARN_UNINITIALIZED_AUTOS = YES_AGGRESSIVE;
				GCC_WARN_UNUSED_FUNCTION = YES;
				GCC_WARN_UNUSED_VARIABLE = YES;
				MACOSX_DEPLOYMENT_TARGET = 10.11;
				MTL_ENABLE_DEBUG_INFO = YES;
				ONLY_ACTIVE_ARCH = YES;
				SDKROOT = macosx;
				SWIFT_OPTIMIZATION_LEVEL = "-Onone";
			};
			name = Debug;
		};
		5E2D704D1CBDC08B006387BA /* Release */ = {
			isa = XCBuildConfiguration;
			buildSettings = {
				ALWAYS_SEARCH_USER_PATHS = NO;
				CLANG_ANALYZER_NONNULL = YES;
				CLANG_CXX_LANGUAGE_STANDARD = "gnu++0x";
				CLANG_CXX_LIBRARY = "libc++";
				CLANG_ENABLE_MODULES = YES;
				CLANG_ENABLE_OBJC_ARC = YES;
				CLANG_WARN_BOOL_CONVERSION = YES;
				CLANG_WARN_CONSTANT_CONVERSION = YES;
				CLANG_WARN_DIRECT_OBJC_ISA_USAGE = YES_ERROR;
				CLANG_WARN_EMPTY_BODY = YES;
				CLANG_WARN_ENUM_CONVERSION = YES;
				CLANG_WARN_INT_CONVERSION = YES;
				CLANG_WARN_OBJC_ROOT_CLASS = YES_ERROR;
				CLANG_WARN_UNREACHABLE_CODE = YES;
				CLANG_WARN__DUPLICATE_METHOD_MATCH = YES;
				CODE_SIGN_IDENTITY = "-";
				COPY_PHASE_STRIP = NO;
				DEBUG_INFORMATION_FORMAT = "dwarf-with-dsym";
				ENABLE_NS_ASSERTIONS = NO;
				ENABLE_STRICT_OBJC_MSGSEND = YES;
				GCC_C_LANGUAGE_STANDARD = gnu99;
				GCC_NO_COMMON_BLOCKS = YES;
				GCC_WARN_64_TO_32_BIT_CONVERSION = YES;
				GCC_WARN_ABOUT_RETURN_TYPE = YES_ERROR;
				GCC_WARN_UNDECLARED_SELECTOR = YES;
				GCC_WARN_UNINITIALIZED_AUTOS = YES_AGGRESSIVE;
				GCC_WARN_UNUSED_FUNCTION = YES;
				GCC_WARN_UNUSED_VARIABLE = YES;
				MACOSX_DEPLOYMENT_TARGET = 10.11;
				MTL_ENABLE_DEBUG_INFO = NO;
				SDKROOT = macosx;
			};
			name = Release;
		};
		5E2D704F1CBDC08B006387BA /* Debug */ = {
			isa = XCBuildConfiguration;
			buildSettings = {
				ASSETCATALOG_COMPILER_APPICON_NAME = AppIcon;
				COMBINE_HIDPI_IMAGES = YES;
				INFOPLIST_FILE = Life/Info.plist;
				LD_RUNPATH_SEARCH_PATHS = "$(inherited) @executable_path/../Frameworks";
				PRODUCT_BUNDLE_IDENTIFIER = xyz.wilcoxson.Life;
				PRODUCT_NAME = "$(TARGET_NAME)";
			};
			name = Debug;
		};
		5E2D70501CBDC08B006387BA /* Release */ = {
			isa = XCBuildConfiguration;
			buildSettings = {
				ASSETCATALOG_COMPILER_APPICON_NAME = AppIcon;
				COMBINE_HIDPI_IMAGES = YES;
				INFOPLIST_FILE = Life/Info.plist;
				LD_RUNPATH_SEARCH_PATHS = "$(inherited) @executable_path/../Frameworks";
				PRODUCT_BUNDLE_IDENTIFIER = xyz.wilcoxson.Life;
				PRODUCT_NAME = "$(TARGET_NAME)";
			};
			name = Release;
		};
/* End XCBuildConfiguration section */

/* Begin XCConfigurationList section */
		5E2D703A1CBDC08B006387BA /* Build configuration list for PBXProject "Life" */ = {
			isa = XCConfigurationList;
			buildConfigurations = (
				5E2D704C1CBDC08B006387BA /* Debug */,
				5E2D704D1CBDC08B006387BA /* Release */,
			);
			defaultConfigurationIsVisible = 0;
			defaultConfigurationName = Release;
		};
		5E2D704E1CBDC08B006387BA /* Build configuration list for PBXNativeTarget "Life" */ = {
			isa = XCConfigurationList;
			buildConfigurations = (
				5E2D704F1CBDC08B006387BA /* Debug */,
				5E2D70501CBDC08B006387BA /* Release */,
			);
			defaultConfigurationIsVisible = 0;
			defaultConfigurationName = Release;
		};
/* End XCConfigurationList section */
	};
	rootObject = 5E2D70371CBDC08B006387BA /* Project object */;
}
